dependencies:
- name: loki-stack
  repository: https://grafana.github.io/helm-charts
  version: 2.8.9
- name: mysql
  repository: https://charts.bitnami.com/bitnami
  version: 9.10.1
- name: metabase
  repository: https://glair-chart.s3-ap-southeast-1.amazonaws.com
  version: 0.13.4
- name: analytics-glair-agent
  repository: https://glair-chart.s3-ap-southeast-1.amazonaws.com
  version: 1.0.0
digest: sha256:3f67d63f9fae1e322e005076fe6027cab6e652f93650ea6a3c21ebfd9a2141b4
generated: "2023-06-08T18:10:50.678070732+07:00"
