dependencies:
- name: loki-stack
  repository: https://grafana.github.io/helm-charts
  version: 2.8.9
- name: eck-operator
  repository: https://helm.elastic.co
  version: 2.9.0
digest: sha256:e035e9bfe2cdad4b2ab4e85e383c803eabcbaff85eafbb549d7fe3d226b5c915
generated: "2023-10-25T16:01:55.131876746+07:00"
