dependencies:
- name: loki-stack
  repository: https://grafana.github.io/helm-charts
  version: 2.8.9
- name: mysql
  repository: https://charts.bitnami.com/bitnami
  version: 9.10.1
- name: metabase
  repository: https://glair-chart.s3-ap-southeast-1.amazonaws.com
  version: 0.13.4
- name: analytics-glair-agent
  repository: https://glair-chart.s3-ap-southeast-1.amazonaws.com
  version: 1.0.0
digest: sha256:77c4621cbe5961d5ee0d11436d5eca003a1dafff1e4ac9c455485a5bcde47c09
generated: "2023-08-31T15:46:29.71657093+07:00"
